<?xml version="1.0" encoding="utf-8"?>
<Project ToolsVersion="4.0" xmlns="http://schemas.microsoft.com/developer/msbuild/2003">
  <ItemGroup>
    <Filter Include="Source Files">
      <UniqueIdentifier>{4FC737F1-C7A5-4376-A066-2A32D752A2FF}</UniqueIdentifier>
      <Extensions>cpp;c;cc;cxx;def;odl;idl;hpj;bat;asm;asmx</Extensions>
    </Filter>
    <Filter Include="Header Files">
      <UniqueIdentifier>{93995380-89BD-4b04-88EB-625FBE52EBFB}</UniqueIdentifier>
      <Extensions>h;hh;hpp;hxx;hm;inl;inc;xsd</Extensions>
    </Filter>
    <Filter Include="Resource Files">
      <UniqueIdentifier>{67DA6AB6-F800-4c08-8B7A-83BB121AAD01}</UniqueIdentifier>
      <Extensions>rc;ico;cur;bmp;dlg;rc2;rct;bin;rgs;gif;jpg;jpeg;jpe;resx;tiff;tif;png;wav;mfcribbon-ms</Extensions>
    </Filter>
    <Filter Include="Header Files\Core">
      <UniqueIdentifier>{1d812649-f5e4-41dd-9edc-e45cb2ecbada}</UniqueIdentifier>
    </Filter>
    <Filter Include="Source Files\Core">
      <UniqueIdentifier>{f157ba75-f627-4b64-8773-ec5c4b84d19b}</UniqueIdentifier>
    </Filter>
    <Filter Include="Source Files\System">
      <UniqueIdentifier>{397abfd4-da8a-4a29-831f-05a4f4cd32ed}</UniqueIdentifier>
    </Filter>
    <Filter Include="Header Files\System">
      <UniqueIdentifier>{16d49f89-94d6-47a8-a8a0-595bb46ea734}</UniqueIdentifier>
    </Filter>
    <Filter Include="Header Files\Graphics">
      <UniqueIdentifier>{2abb61a0-1e3f-472d-ae2a-163b7ff8b434}</UniqueIdentifier>
    </Filter>
    <Filter Include="Source Files\Graphics">
      <UniqueIdentifier>{009f0cd5-692f-4c89-97dd-027b9191ba4b}</UniqueIdentifier>
    </Filter>
    <Filter Include="Source Files\Logic">
      <UniqueIdentifier>{691c2bc4-953f-43a0-8815-d490f0c84baf}</UniqueIdentifier>
    </Filter>
    <Filter Include="Header Files\Logic">
      <UniqueIdentifier>{e8fd7b67-4a43-43fd-90f7-2dd69eafa0e4}</UniqueIdentifier>
    </Filter>
    <Filter Include="Header Files\Input">
      <UniqueIdentifier>{c444c36e-c98f-40df-9269-51d7e88370c6}</UniqueIdentifier>
    </Filter>
    <Filter Include="Source Files\Input">
      <UniqueIdentifier>{009b87ce-2949-47df-bc52-f0633d307c9e}</UniqueIdentifier>
    </Filter>
    <Filter Include="Header Files\Input\Win32">
      <UniqueIdentifier>{c689bb70-208c-4e26-9108-e806d0834872}</UniqueIdentifier>
    </Filter>
    <Filter Include="Header Files\Win32">
      <UniqueIdentifier>{ad5ccab1-ec3e-4721-9bd3-04966e750c01}</UniqueIdentifier>
    </Filter>
    <Filter Include="Source Files\Input\Win32">
      <UniqueIdentifier>{705e812f-e314-44ce-ae1c-068217893366}</UniqueIdentifier>
    </Filter>
    <Filter Include="Header Files\UI">
      <UniqueIdentifier>{bbd2770c-b058-4988-9242-e127b8ff7d68}</UniqueIdentifier>
    </Filter>
    <Filter Include="Source Files\UI">
      <UniqueIdentifier>{1731ba39-098b-4379-8ea4-285c3e8c5367}</UniqueIdentifier>
    </Filter>
    <Filter Include="Header Files\Audio">
      <UniqueIdentifier>{acb51397-9663-4642-9bba-e1f4c151e9bf}</UniqueIdentifier>
    </Filter>
    <Filter Include="Source Files\Audio">
      <UniqueIdentifier>{87c9574f-f352-4029-a5b2-f4141a368940}</UniqueIdentifier>
    </Filter>
    <Filter Include="Header Files\Support">
      <UniqueIdentifier>{28495439-f2bb-4f61-9e3a-d86877f746e9}</UniqueIdentifier>
    </Filter>
    <Filter Include="Header Files\IO">
      <UniqueIdentifier>{c0c6673a-a504-46db-83c8-ac35684706d7}</UniqueIdentifier>
    </Filter>
    <Filter Include="Source Files\IO">
      <UniqueIdentifier>{47157156-47c5-4527-95c0-806491b80f0c}</UniqueIdentifier>
    </Filter>
    <Filter Include="Source Files\IO\Win32">
      <UniqueIdentifier>{6e7ca73f-2d93-4868-ad3c-14bc8bf7245d}</UniqueIdentifier>
    </Filter>
    <Filter Include="Source Files\Support">
      <UniqueIdentifier>{81822a9f-fdf9-4e99-97d6-ac0d6dd332d6}</UniqueIdentifier>
    </Filter>
    <Filter Include="Header Files\Script">
      <UniqueIdentifier>{0ed1b77f-559a-4bb7-8391-a7f7b91fd8f0}</UniqueIdentifier>
    </Filter>
    <Filter Include="Source Files\Script">
      <UniqueIdentifier>{d2c0905a-26fa-429a-8ad1-97941b4cffbb}</UniqueIdentifier>
    </Filter>
    <Filter Include="Source Files\Physics">
      <UniqueIdentifier>{581bc294-19d1-4eb9-905a-4148434d0ed9}</UniqueIdentifier>
    </Filter>
    <Filter Include="Header Files\Physics">
      <UniqueIdentifier>{13b4808b-d816-414d-a47d-33351cbae5db}</UniqueIdentifier>
    </Filter>
  </ItemGroup>
  <ItemGroup>
    <ClInclude Include="..\..\src\Include\Common\Core\Log.h">
      <Filter>Header Files\Core</Filter>
    </ClInclude>
    <ClInclude Include="..\..\src\Include\Common\Core\Game.h">
      <Filter>Header Files\Core</Filter>
    </ClInclude>
    <ClInclude Include="..\..\src\Include\Common\Core\GameDescription.h">
      <Filter>Header Files\Core</Filter>
    </ClInclude>
    <ClInclude Include="..\..\src\Include\Common\Core\IGameState.h">
      <Filter>Header Files\Core</Filter>
    </ClInclude>
    <ClInclude Include="..\..\src\Include\Common\Graphics\Sprite.h">
      <Filter>Header Files\Graphics</Filter>
    </ClInclude>
    <ClInclude Include="..\..\src\Include\Common\Graphics\RenderManager.h">
      <Filter>Header Files\Graphics</Filter>
    </ClInclude>
    <ClInclude Include="..\..\src\Include\Common\Input\InputManager.h">
      <Filter>Header Files\Input</Filter>
    </ClInclude>
    <ClInclude Include="..\..\src\Include\Common\Logic\World.h">
      <Filter>Header Files\Logic</Filter>
    </ClInclude>
    <ClInclude Include="..\..\src\Include\Common\System\Time.h">
      <Filter>Header Files\System</Filter>
    </ClInclude>
    <ClInclude Include="..\..\src\Include\Common\Defs.h">
      <Filter>Header Files</Filter>
    </ClInclude>
    <ClInclude Include="..\..\src\Include\Win32\Types.h">
      <Filter>Header Files\Win32</Filter>
    </ClInclude>
    <ClInclude Include="..\..\src\Include\Common\Input\IController.h">
      <Filter>Header Files\Input</Filter>
    </ClInclude>
    <ClInclude Include="..\..\src\Include\Win32\Input\KeyboardController.h">
      <Filter>Header Files\Input\Win32</Filter>
    </ClInclude>
    <ClInclude Include="..\..\src\Include\Common\Input\InputAction.h">
      <Filter>Header Files\Input</Filter>
    </ClInclude>
    <ClInclude Include="..\..\src\Include\Win32\Input\MouseController.h">
      <Filter>Header Files\Input\Win32</Filter>
    </ClInclude>
    <ClInclude Include="..\..\src\Include\Common\UI\Menu.h">
      <Filter>Header Files\UI</Filter>
    </ClInclude>
    <ClInclude Include="..\..\src\Include\Common\UI\ButtonMenu.h">
      <Filter>Header Files\UI</Filter>
    </ClInclude>
    <ClInclude Include="..\..\src\Include\Common\UI\MenuManager.h">
      <Filter>Header Files\UI</Filter>
    </ClInclude>
    <ClInclude Include="..\..\src\Include\Common\Audio\AudioManager.h">
      <Filter>Header Files\Audio</Filter>
    </ClInclude>
    <ClInclude Include="..\..\src\Include\Common\Support\IdReferences.h">
      <Filter>Header Files\Support</Filter>
    </ClInclude>
    <ClInclude Include="..\..\src\Include\Common\Support\Rect.h">
      <Filter>Header Files\Support</Filter>
    </ClInclude>
    <ClInclude Include="..\..\src\Include\Common\Support\Vector2D.h">
      <Filter>Header Files\Support</Filter>
    </ClInclude>
    <ClInclude Include="..\..\src\Include\Common\Support\Color.h">
      <Filter>Header Files\Support</Filter>
    </ClInclude>
    <ClInclude Include="..\..\src\Include\Common\Support\Vector3D.h">
      <Filter>Header Files\Support</Filter>
    </ClInclude>
    <ClInclude Include="..\..\src\Include\Common\Audio\Sound3D.h">
      <Filter>Header Files\Audio</Filter>
    </ClInclude>
    <ClInclude Include="..\..\src\Include\Common\Audio\Sound2D.h">
      <Filter>Header Files\Audio</Filter>
    </ClInclude>
    <ClInclude Include="..\..\src\Include\Common\Support\Matrix4.h">
      <Filter>Header Files\Support</Filter>
    </ClInclude>
    <ClInclude Include="..\..\src\Include\Common\Graphics\Material.h">
      <Filter>Header Files\Graphics</Filter>
    </ClInclude>
    <ClInclude Include="..\..\src\Include\Common\Graphics\Mesh.h">
      <Filter>Header Files\Graphics</Filter>
    </ClInclude>
    <ClInclude Include="..\..\src\Include\Common\Graphics\IRenderable.h">
      <Filter>Header Files\Graphics</Filter>
    </ClInclude>
    <ClInclude Include="..\..\src\Include\Common\Graphics\Camera.h">
      <Filter>Header Files\Graphics</Filter>
    </ClInclude>
    <ClInclude Include="..\..\src\Include\Common\IO\File.h">
      <Filter>Header Files\IO</Filter>
    </ClInclude>
    <ClInclude Include="..\..\src\Include\Common\IO\FileSystem.h">
      <Filter>Header Files\IO</Filter>
    </ClInclude>
    <ClInclude Include="..\..\src\Include\Common\Logic\IGameObject.h">
      <Filter>Header Files\Logic</Filter>
    </ClInclude>
    <ClInclude Include="..\..\src\Include\Common\Script\ScriptManager.h">
      <Filter>Header Files\Script</Filter>
    </ClInclude>
    <ClInclude Include="..\..\src\Include\Common\Physics\ErrorManager.h">
      <Filter>Header Files\Physics</Filter>
    </ClInclude>
    <ClInclude Include="..\..\src\Include\Common\Physics\PhysicsManager.h">
      <Filter>Header Files\Physics</Filter>
    </ClInclude>
    <ClInclude Include="..\..\src\Include\Common\Physics\CollisionManager.h">
      <Filter>Header Files\Physics</Filter>
    </ClInclude>
    <ClInclude Include="..\..\src\Include\Common\Logic\IComponent.h">
      <Filter>Header Files\Logic</Filter>
    </ClInclude>
    <ClInclude Include="..\..\src\Include\Common\Physics\Collider.h">
      <Filter>Header Files\Physics</Filter>
    </ClInclude>
    <ClInclude Include="..\..\src\Include\Common\Physics\PhysicsConversions.h">
      <Filter>Header Files\Physics</Filter>
    </ClInclude>
    <ClInclude Include="..\..\src\Include\Common\Physics\CapsuleController.h">
      <Filter>Header Files\Physics</Filter>
    </ClInclude>
    <ClInclude Include="..\..\src\Include\Common\Logic\ComponentFactory.h">
      <Filter>Header Files\Logic</Filter>
    </ClInclude>
    <ClInclude Include="..\..\src\Include\Common\Support\Math.h">
      <Filter>Header Files\Support</Filter>
    </ClInclude>
    <ClInclude Include="..\..\src\Include\Common\Graphics\MeshComponent.h">
      <Filter>Header Files\Graphics</Filter>
    </ClInclude>
    <ClInclude Include="..\..\src\Include\Common\Support\Color32.h">
      <Filter>Header Files\Support</Filter>
    </ClInclude>
    <ClInclude Include="..\..\src\Include\Common\Graphics\Texture.h">
      <Filter>Header Files\Graphics</Filter>
    </ClInclude>
  </ItemGroup>
  <ItemGroup>
    <ClCompile Include="..\..\src\Source\Common\Core\Log.cpp">
      <Filter>Source Files\Core</Filter>
    </ClCompile>
    <ClCompile Include="..\..\src\Source\Common\Core\Game.cpp">
      <Filter>Source Files\Core</Filter>
    </ClCompile>
    <ClCompile Include="..\..\src\Source\Common\Core\GameDescription.cpp">
      <Filter>Source Files\Core</Filter>
    </ClCompile>
    <ClCompile Include="..\..\src\Source\Common\Graphics\RenderManager.cpp">
      <Filter>Source Files\Graphics</Filter>
    </ClCompile>
    <ClCompile Include="..\..\src\Source\Common\Graphics\Sprite.cpp">
      <Filter>Source Files\Graphics</Filter>
    </ClCompile>
    <ClCompile Include="..\..\src\Source\Common\Graphics\AnimateSprite.cpp">
      <Filter>Source Files\Graphics</Filter>
    </ClCompile>
    <ClCompile Include="..\..\src\Source\Common\Input\InputManager.cpp">
      <Filter>Source Files\Input</Filter>
    </ClCompile>
    <ClCompile Include="..\..\src\Source\Common\Logic\World.cpp">
      <Filter>Source Files\Logic</Filter>
    </ClCompile>
    <ClCompile Include="..\..\src\Source\Common\System\Time.cpp">
      <Filter>Source Files\System</Filter>
    </ClCompile>
    <ClCompile Include="..\..\src\Source\Win32\Input\KeyboardController.cpp">
      <Filter>Source Files\Input\Win32</Filter>
    </ClCompile>
    <ClCompile Include="..\..\src\Source\Win32\Input\MouseController.cpp">
      <Filter>Source Files\Input\Win32</Filter>
    </ClCompile>
    <ClCompile Include="..\..\src\Source\Common\UI\ButtonMenu.cpp">
      <Filter>Source Files\UI</Filter>
    </ClCompile>
    <ClCompile Include="..\..\src\Source\Common\UI\Menu.cpp">
      <Filter>Source Files\UI</Filter>
    </ClCompile>
    <ClCompile Include="..\..\src\Source\Common\UI\MenuManager.cpp">
      <Filter>Source Files\UI</Filter>
    </ClCompile>
    <ClCompile Include="..\..\src\Source\Common\Logic\IGameObject.cpp">
      <Filter>Source Files\Logic</Filter>
    </ClCompile>
    <ClCompile Include="..\..\src\Source\Common\Audio\AudioManager.cpp">
      <Filter>Source Files\Audio</Filter>
    </ClCompile>
    <ClCompile Include="..\..\src\Source\Common\Audio\Sound3D.cpp">
      <Filter>Source Files\Audio</Filter>
    </ClCompile>
    <ClCompile Include="..\..\src\Source\Common\Audio\Sound2D.cpp">
      <Filter>Source Files\Audio</Filter>
    </ClCompile>
    <ClCompile Include="..\..\src\Source\Common\Graphics\Material.cpp">
      <Filter>Source Files\Graphics</Filter>
    </ClCompile>
    <ClCompile Include="..\..\src\Source\Common\Graphics\Mesh.cpp">
      <Filter>Source Files\Graphics</Filter>
    </ClCompile>
    <ClCompile Include="..\..\src\Source\Common\Graphics\Camera.cpp">
      <Filter>Source Files\Graphics</Filter>
    </ClCompile>
    <ClCompile Include="..\..\src\Source\Win32\IO\File.cpp">
      <Filter>Source Files\IO\Win32</Filter>
    </ClCompile>
    <ClCompile Include="..\..\src\Source\Common\IO\FileSystem.cpp">
      <Filter>Source Files\IO</Filter>
    </ClCompile>
    <ClCompile Include="..\..\src\Source\Common\Support\Vector3D.cpp">
      <Filter>Source Files\Support</Filter>
    </ClCompile>
    <ClCompile Include="..\..\src\Source\Common\Script\ScriptManager.cpp">
      <Filter>Source Files\Script</Filter>
    </ClCompile>
    <ClCompile Include="..\..\src\Source\Common\Physics\PhysicsManager.cpp">
      <Filter>Source Files\Physics</Filter>
    </ClCompile>
    <ClCompile Include="..\..\src\Source\Common\Physics\ErrorManager.cpp">
      <Filter>Source Files\Physics</Filter>
    </ClCompile>
    <ClCompile Include="..\..\src\Source\Common\Physics\CollisionManager.cpp">
      <Filter>Source Files\Physics</Filter>
    </ClCompile>
    <ClCompile Include="..\..\src\Source\Common\Logic\IComponent.cpp">
      <Filter>Source Files\Logic</Filter>
    </ClCompile>
    <ClCompile Include="..\..\src\Source\Common\Physics\Collider.cpp">
      <Filter>Source Files\Physics</Filter>
    </ClCompile>
    <ClCompile Include="..\..\src\Source\Common\Physics\CapsuleController.cpp">
      <Filter>Source Files\Physics</Filter>
    </ClCompile>
    <ClCompile Include="..\..\src\Source\Common\Logic\ComponentFactory.cpp">
      <Filter>Source Files\Logic</Filter>
    </ClCompile>
    <ClCompile Include="..\..\src\Source\Common\Graphics\MeshComponent.cpp">
      <Filter>Source Files\Graphics</Filter>
    </ClCompile>
    <ClCompile Include="..\..\src\Source\Common\Graphics\Texture.cpp">
      <Filter>Source Files\Graphics</Filter>
    </ClCompile>
  </ItemGroup>
</Project>